Microsoft Visual Studio Solution File, Format Version 12.00
# Visual Studio Version 17
VisualStudioVersion = 17.5.2.0
MinimumVisualStudioVersion = 10.0.40219.1
Project("{FAE04EC0-301F-11D3-BF4B-00C04F79EFBC}") = "parla-metro-api-main", "parla-metro-api-main\parla-metro-api-main.csproj", "{D3B9B38E-393B-443E-2F39-01FB1334F229}"
EndProject
Global
	GlobalSection(SolutionConfigurationPlatforms) = preSolution
		Debug|Any CPU = Debug|Any CPU
		Release|Any CPU = Release|Any CPU
	EndGlobalSection
	GlobalSection(ProjectConfigurationPlatforms) = postSolution
		{D3B9B38E-393B-443E-2F39-01FB1334F229}.Debug|Any CPU.ActiveCfg = Debug|Any CPU
		{D3B9B38E-393B-443E-2F39-01FB1334F229}.Debug|Any CPU.Build.0 = Debug|Any CPU
		{D3B9B38E-393B-443E-2F39-01FB1334F229}.Release|Any CPU.ActiveCfg = Release|Any CPU
		{D3B9B38E-393B-443E-2F39-01FB1334F229}.Release|Any CPU.Build.0 = Release|Any CPU
	EndGlobalSection
	GlobalSection(SolutionProperties) = preSolution
		HideSolutionNode = FALSE
	EndGlobalSection
	GlobalSection(ExtensibilityGlobals) = postSolution
		SolutionGuid = {D9805FF1-C7AB-4C4A-937E-E6673B1FAF2C}
	EndGlobalSection
EndGlobal
